
Microsoft Visual Studio Solution File, Format Version 12.00
# Visual Studio Version 16
VisualStudioVersion = 16.0.31410.357
MinimumVisualStudioVersion = 10.0.40219.1
Project("{FAE04EC0-301F-11D3-BF4B-00C04F79EFBC}") = "UserRegistrationProblem", "UserRegistrationProblem\UserRegistrationProblem.csproj", "{5284EA85-EFA5-4B6D-B8E3-20098E3081A9}"
EndProject
Global
	GlobalSection(SolutionConfigurationPlatforms) = preSolution
		Debug|Any CPU = Debug|Any CPU
		Release|Any CPU = Release|Any CPU
	EndGlobalSection
	GlobalSection(ProjectConfigurationPlatforms) = postSolution
		{5284EA85-EFA5-4B6D-B8E3-20098E3081A9}.Debug|Any CPU.ActiveCfg = Debug|Any CPU
		{5284EA85-EFA5-4B6D-B8E3-20098E3081A9}.Debug|Any CPU.Build.0 = Debug|Any CPU
		{5284EA85-EFA5-4B6D-B8E3-20098E3081A9}.Release|Any CPU.ActiveCfg = Release|Any CPU
		{5284EA85-EFA5-4B6D-B8E3-20098E3081A9}.Release|Any CPU.Build.0 = Release|Any CPU
	EndGlobalSection
	GlobalSection(SolutionProperties) = preSolution
		HideSolutionNode = FALSE
	EndGlobalSection
	GlobalSection(ExtensibilityGlobals) = postSolution
		SolutionGuid = {854BF28D-B3BC-4625-8B7B-154451281F21}
	EndGlobalSection
EndGlobal
